
Microsoft Visual Studio Solution File, Format Version 12.00
# Visual Studio Version 16
VisualStudioVersion = 16.0.30011.22
MinimumVisualStudioVersion = 10.0.40219.1
Project("{FAE04EC0-301F-11D3-BF4B-00C04F79EFBC}") = "Is-True", "Is-True\Is-True.csproj", "{5BA5D849-FD4F-4F87-ABEA-96E130200659}"
EndProject
Project("{FAE04EC0-301F-11D3-BF4B-00C04F79EFBC}") = "UnitTests", "UnitTests\UnitTests.csproj", "{A441B22F-60F0-4048-91C0-84D06B6D69E4}"
EndProject
Project("{FAE04EC0-301F-11D3-BF4B-00C04F79EFBC}") = "ExampleApp", "ExampleApp\ExampleApp.csproj", "{C04096FB-10AD-4323-B686-94E68BC0A0A1}"
EndProject
Global
	GlobalSection(SolutionConfigurationPlatforms) = preSolution
		Debug|Any CPU = Debug|Any CPU
		Release|Any CPU = Release|Any CPU
	EndGlobalSection
	GlobalSection(ProjectConfigurationPlatforms) = postSolution
		{5BA5D849-FD4F-4F87-ABEA-96E130200659}.Debug|Any CPU.ActiveCfg = Debug|Any CPU
		{5BA5D849-FD4F-4F87-ABEA-96E130200659}.Debug|Any CPU.Build.0 = Debug|Any CPU
		{5BA5D849-FD4F-4F87-ABEA-96E130200659}.Release|Any CPU.ActiveCfg = Release|Any CPU
		{5BA5D849-FD4F-4F87-ABEA-96E130200659}.Release|Any CPU.Build.0 = Release|Any CPU
		{A441B22F-60F0-4048-91C0-84D06B6D69E4}.Debug|Any CPU.ActiveCfg = Debug|Any CPU
		{A441B22F-60F0-4048-91C0-84D06B6D69E4}.Debug|Any CPU.Build.0 = Debug|Any CPU
		{A441B22F-60F0-4048-91C0-84D06B6D69E4}.Release|Any CPU.ActiveCfg = Release|Any CPU
		{A441B22F-60F0-4048-91C0-84D06B6D69E4}.Release|Any CPU.Build.0 = Release|Any CPU
		{C04096FB-10AD-4323-B686-94E68BC0A0A1}.Debug|Any CPU.ActiveCfg = Debug|Any CPU
		{C04096FB-10AD-4323-B686-94E68BC0A0A1}.Debug|Any CPU.Build.0 = Debug|Any CPU
		{C04096FB-10AD-4323-B686-94E68BC0A0A1}.Release|Any CPU.ActiveCfg = Release|Any CPU
		{C04096FB-10AD-4323-B686-94E68BC0A0A1}.Release|Any CPU.Build.0 = Release|Any CPU
	EndGlobalSection
	GlobalSection(SolutionProperties) = preSolution
		HideSolutionNode = FALSE
	EndGlobalSection
	GlobalSection(ExtensibilityGlobals) = postSolution
		SolutionGuid = {3A3F5DDF-BB5F-4A3A-898B-D31B993C172C}
	EndGlobalSection
EndGlobal
